
Microsoft Visual Studio Solution File, Format Version 12.00
# Visual Studio Version 17
VisualStudioVersion = 17.8.34316.72
MinimumVisualStudioVersion = 10.0.40219.1
Project("{FAE04EC0-301F-11D3-BF4B-00C04F79EFBC}") = "SimpleMVVM", "SimpleMVVM\SimpleMVVM.csproj", "{9BBD8499-4A46-4342-B750-BDB1CC038E2E}"
EndProject
Global
	GlobalSection(SolutionConfigurationPlatforms) = preSolution
		Debug|Any CPU = Debug|Any CPU
		Release|Any CPU = Release|Any CPU
	EndGlobalSection
	GlobalSection(ProjectConfigurationPlatforms) = postSolution
		{9BBD8499-4A46-4342-B750-BDB1CC038E2E}.Debug|Any CPU.ActiveCfg = Debug|Any CPU
		{9BBD8499-4A46-4342-B750-BDB1CC038E2E}.Debug|Any CPU.Build.0 = Debug|Any CPU
		{9BBD8499-4A46-4342-B750-BDB1CC038E2E}.Release|Any CPU.ActiveCfg = Release|Any CPU
		{9BBD8499-4A46-4342-B750-BDB1CC038E2E}.Release|Any CPU.Build.0 = Release|Any CPU
	EndGlobalSection
	GlobalSection(SolutionProperties) = preSolution
		HideSolutionNode = FALSE
	EndGlobalSection
	GlobalSection(ExtensibilityGlobals) = postSolution
		SolutionGuid = {05B40017-0143-4165-B4A4-3CA94C6D20F3}
	EndGlobalSection
EndGlobal
